
Microsoft Visual Studio Solution File, Format Version 12.00
# Visual Studio 15
VisualStudioVersion = 15.0.28010.2036
MinimumVisualStudioVersion = 10.0.40219.1
Project("{FAE04EC0-301F-11D3-BF4B-00C04F79EFBC}") = "AzureDockerWebAPPS", "AzureDockerWebAPPS\AzureDockerWebAPPS.csproj", "{D12BCD1D-9803-4EE8-B359-1AFCEDF08549}"
EndProject
Global
	GlobalSection(SolutionConfigurationPlatforms) = preSolution
		Debug|Any CPU = Debug|Any CPU
		Release|Any CPU = Release|Any CPU
	EndGlobalSection
	GlobalSection(ProjectConfigurationPlatforms) = postSolution
		{D12BCD1D-9803-4EE8-B359-1AFCEDF08549}.Debug|Any CPU.ActiveCfg = Debug|Any CPU
		{D12BCD1D-9803-4EE8-B359-1AFCEDF08549}.Debug|Any CPU.Build.0 = Debug|Any CPU
		{D12BCD1D-9803-4EE8-B359-1AFCEDF08549}.Release|Any CPU.ActiveCfg = Release|Any CPU
		{D12BCD1D-9803-4EE8-B359-1AFCEDF08549}.Release|Any CPU.Build.0 = Release|Any CPU
	EndGlobalSection
	GlobalSection(SolutionProperties) = preSolution
		HideSolutionNode = FALSE
	EndGlobalSection
	GlobalSection(ExtensibilityGlobals) = postSolution
		SolutionGuid = {2D81E5C1-08DB-4B86-8494-44EB807052F5}
	EndGlobalSection
EndGlobal
